
Microsoft Visual Studio Solution File, Format Version 12.00
# Visual Studio 15
VisualStudioVersion = 15.0.26124.0
MinimumVisualStudioVersion = 15.0.26124.0
Project("{FAE04EC0-301F-11D3-BF4B-00C04F79EFBC}") = "BlazorWasm", "BlazorWasm\BlazorWasm.csproj", "{2440F78F-E570-4E31-9DE4-0DC5AD9AE29F}"
EndProject
Project("{FAE04EC0-301F-11D3-BF4B-00C04F79EFBC}") = "RazorClassLibrary", "RazorClassLibrary\RazorClassLibrary.csproj", "{A96FE1FC-CDA3-4241-971B-2FD4FDA7C9CB}"
EndProject
Project("{FAE04EC0-301F-11D3-BF4B-00C04F79EFBC}") = "BlazorServer", "BlazorServer\BlazorServer.csproj", "{4946E03D-4291-4D9F-9D43-ED212F5EF6EB}"
EndProject
Project("{FAE04EC0-301F-11D3-BF4B-00C04F79EFBC}") = "SharedClassLibrary", "SharedClassLibrary\SharedClassLibrary.csproj", "{F73D9E46-17C9-4035-909A-7DE60BF572E0}"
EndProject
Global
	GlobalSection(SolutionConfigurationPlatforms) = preSolution
		Debug|Any CPU = Debug|Any CPU
		Debug|x64 = Debug|x64
		Debug|x86 = Debug|x86
		Release|Any CPU = Release|Any CPU
		Release|x64 = Release|x64
		Release|x86 = Release|x86
	EndGlobalSection
	GlobalSection(SolutionProperties) = preSolution
		HideSolutionNode = FALSE
	EndGlobalSection
	GlobalSection(ProjectConfigurationPlatforms) = postSolution
		{2440F78F-E570-4E31-9DE4-0DC5AD9AE29F}.Debug|Any CPU.ActiveCfg = Debug|Any CPU
		{2440F78F-E570-4E31-9DE4-0DC5AD9AE29F}.Debug|Any CPU.Build.0 = Debug|Any CPU
		{2440F78F-E570-4E31-9DE4-0DC5AD9AE29F}.Debug|x64.ActiveCfg = Debug|Any CPU
		{2440F78F-E570-4E31-9DE4-0DC5AD9AE29F}.Debug|x64.Build.0 = Debug|Any CPU
		{2440F78F-E570-4E31-9DE4-0DC5AD9AE29F}.Debug|x86.ActiveCfg = Debug|Any CPU
		{2440F78F-E570-4E31-9DE4-0DC5AD9AE29F}.Debug|x86.Build.0 = Debug|Any CPU
		{2440F78F-E570-4E31-9DE4-0DC5AD9AE29F}.Release|Any CPU.ActiveCfg = Release|Any CPU
		{2440F78F-E570-4E31-9DE4-0DC5AD9AE29F}.Release|Any CPU.Build.0 = Release|Any CPU
		{2440F78F-E570-4E31-9DE4-0DC5AD9AE29F}.Release|x64.ActiveCfg = Release|Any CPU
		{2440F78F-E570-4E31-9DE4-0DC5AD9AE29F}.Release|x64.Build.0 = Release|Any CPU
		{2440F78F-E570-4E31-9DE4-0DC5AD9AE29F}.Release|x86.ActiveCfg = Release|Any CPU
		{2440F78F-E570-4E31-9DE4-0DC5AD9AE29F}.Release|x86.Build.0 = Release|Any CPU
		{A96FE1FC-CDA3-4241-971B-2FD4FDA7C9CB}.Debug|Any CPU.ActiveCfg = Debug|Any CPU
		{A96FE1FC-CDA3-4241-971B-2FD4FDA7C9CB}.Debug|Any CPU.Build.0 = Debug|Any CPU
		{A96FE1FC-CDA3-4241-971B-2FD4FDA7C9CB}.Debug|x64.ActiveCfg = Debug|Any CPU
		{A96FE1FC-CDA3-4241-971B-2FD4FDA7C9CB}.Debug|x64.Build.0 = Debug|Any CPU
		{A96FE1FC-CDA3-4241-971B-2FD4FDA7C9CB}.Debug|x86.ActiveCfg = Debug|Any CPU
		{A96FE1FC-CDA3-4241-971B-2FD4FDA7C9CB}.Debug|x86.Build.0 = Debug|Any CPU
		{A96FE1FC-CDA3-4241-971B-2FD4FDA7C9CB}.Release|Any CPU.ActiveCfg = Release|Any CPU
		{A96FE1FC-CDA3-4241-971B-2FD4FDA7C9CB}.Release|Any CPU.Build.0 = Release|Any CPU
		{A96FE1FC-CDA3-4241-971B-2FD4FDA7C9CB}.Release|x64.ActiveCfg = Release|Any CPU
		{A96FE1FC-CDA3-4241-971B-2FD4FDA7C9CB}.Release|x64.Build.0 = Release|Any CPU
		{A96FE1FC-CDA3-4241-971B-2FD4FDA7C9CB}.Release|x86.ActiveCfg = Release|Any CPU
		{A96FE1FC-CDA3-4241-971B-2FD4FDA7C9CB}.Release|x86.Build.0 = Release|Any CPU
		{4946E03D-4291-4D9F-9D43-ED212F5EF6EB}.Debug|Any CPU.ActiveCfg = Debug|Any CPU
		{4946E03D-4291-4D9F-9D43-ED212F5EF6EB}.Debug|Any CPU.Build.0 = Debug|Any CPU
		{4946E03D-4291-4D9F-9D43-ED212F5EF6EB}.Debug|x64.ActiveCfg = Debug|Any CPU
		{4946E03D-4291-4D9F-9D43-ED212F5EF6EB}.Debug|x64.Build.0 = Debug|Any CPU
		{4946E03D-4291-4D9F-9D43-ED212F5EF6EB}.Debug|x86.ActiveCfg = Debug|Any CPU
		{4946E03D-4291-4D9F-9D43-ED212F5EF6EB}.Debug|x86.Build.0 = Debug|Any CPU
		{4946E03D-4291-4D9F-9D43-ED212F5EF6EB}.Release|Any CPU.ActiveCfg = Release|Any CPU
		{4946E03D-4291-4D9F-9D43-ED212F5EF6EB}.Release|Any CPU.Build.0 = Release|Any CPU
		{4946E03D-4291-4D9F-9D43-ED212F5EF6EB}.Release|x64.ActiveCfg = Release|Any CPU
		{4946E03D-4291-4D9F-9D43-ED212F5EF6EB}.Release|x64.Build.0 = Release|Any CPU
		{4946E03D-4291-4D9F-9D43-ED212F5EF6EB}.Release|x86.ActiveCfg = Release|Any CPU
		{4946E03D-4291-4D9F-9D43-ED212F5EF6EB}.Release|x86.Build.0 = Release|Any CPU
		{F73D9E46-17C9-4035-909A-7DE60BF572E0}.Debug|Any CPU.ActiveCfg = Debug|Any CPU
		{F73D9E46-17C9-4035-909A-7DE60BF572E0}.Debug|Any CPU.Build.0 = Debug|Any CPU
		{F73D9E46-17C9-4035-909A-7DE60BF572E0}.Debug|x64.ActiveCfg = Debug|Any CPU
		{F73D9E46-17C9-4035-909A-7DE60BF572E0}.Debug|x64.Build.0 = Debug|Any CPU
		{F73D9E46-17C9-4035-909A-7DE60BF572E0}.Debug|x86.ActiveCfg = Debug|Any CPU
		{F73D9E46-17C9-4035-909A-7DE60BF572E0}.Debug|x86.Build.0 = Debug|Any CPU
		{F73D9E46-17C9-4035-909A-7DE60BF572E0}.Release|Any CPU.ActiveCfg = Release|Any CPU
		{F73D9E46-17C9-4035-909A-7DE60BF572E0}.Release|Any CPU.Build.0 = Release|Any CPU
		{F73D9E46-17C9-4035-909A-7DE60BF572E0}.Release|x64.ActiveCfg = Release|Any CPU
		{F73D9E46-17C9-4035-909A-7DE60BF572E0}.Release|x64.Build.0 = Release|Any CPU
		{F73D9E46-17C9-4035-909A-7DE60BF572E0}.Release|x86.ActiveCfg = Release|Any CPU
		{F73D9E46-17C9-4035-909A-7DE60BF572E0}.Release|x86.Build.0 = Release|Any CPU
	EndGlobalSection
EndGlobal
