
Microsoft Visual Studio Solution File, Format Version 12.00
# Visual Studio Version 16
VisualStudioVersion = 16.0.30114.105
MinimumVisualStudioVersion = 10.0.40219.1
Project("{FAE04EC0-301F-11D3-BF4B-00C04F79EFBC}") = "SharedClassLibrary", "SharedClassLibrary\SharedClassLibrary.csproj", "{7BE29CE4-5606-4E4B-A5D8-CF6673E0535A}"
EndProject
Project("{FAE04EC0-301F-11D3-BF4B-00C04F79EFBC}") = "FunctionsAPI", "FunctionsAPI\FunctionsAPI.csproj", "{07609FCE-1928-4D82-BAD3-0ABFF8F363C9}"
EndProject
Project("{FAE04EC0-301F-11D3-BF4B-00C04F79EFBC}") = "BlazorWasm", "BlazorWasm\BlazorWasm.csproj", "{FEF033A3-83E9-4DC2-B9F0-8AD3980D4CC4}"
EndProject
Global
	GlobalSection(SolutionConfigurationPlatforms) = preSolution
		Debug|Any CPU = Debug|Any CPU
		Release|Any CPU = Release|Any CPU
	EndGlobalSection
	GlobalSection(SolutionProperties) = preSolution
		HideSolutionNode = FALSE
	EndGlobalSection
	GlobalSection(ProjectConfigurationPlatforms) = postSolution
		{7BE29CE4-5606-4E4B-A5D8-CF6673E0535A}.Debug|Any CPU.ActiveCfg = Debug|Any CPU
		{7BE29CE4-5606-4E4B-A5D8-CF6673E0535A}.Debug|Any CPU.Build.0 = Debug|Any CPU
		{7BE29CE4-5606-4E4B-A5D8-CF6673E0535A}.Release|Any CPU.ActiveCfg = Release|Any CPU
		{7BE29CE4-5606-4E4B-A5D8-CF6673E0535A}.Release|Any CPU.Build.0 = Release|Any CPU
		{07609FCE-1928-4D82-BAD3-0ABFF8F363C9}.Debug|Any CPU.ActiveCfg = Debug|Any CPU
		{07609FCE-1928-4D82-BAD3-0ABFF8F363C9}.Debug|Any CPU.Build.0 = Debug|Any CPU
		{07609FCE-1928-4D82-BAD3-0ABFF8F363C9}.Release|Any CPU.ActiveCfg = Release|Any CPU
		{07609FCE-1928-4D82-BAD3-0ABFF8F363C9}.Release|Any CPU.Build.0 = Release|Any CPU
		{FEF033A3-83E9-4DC2-B9F0-8AD3980D4CC4}.Debug|Any CPU.ActiveCfg = Debug|Any CPU
		{FEF033A3-83E9-4DC2-B9F0-8AD3980D4CC4}.Debug|Any CPU.Build.0 = Debug|Any CPU
		{FEF033A3-83E9-4DC2-B9F0-8AD3980D4CC4}.Release|Any CPU.ActiveCfg = Release|Any CPU
		{FEF033A3-83E9-4DC2-B9F0-8AD3980D4CC4}.Release|Any CPU.Build.0 = Release|Any CPU
	EndGlobalSection
EndGlobal
